
Microsoft Visual Studio Solution File, Format Version 9.00
# Visual Studio 2005
Project("{F184B08F-C81C-45F6-A57F-5ABD9991F28F}") = "automobile_inv", "automobile_inv.vbproj", "{022D6116-D65C-458E-BB62-29E5CF36C36A}"
EndProject
Global
	GlobalSection(SolutionConfigurationPlatforms) = preSolution
		Debug|Any CPU = Debug|Any CPU
		Release|Any CPU = Release|Any CPU
	EndGlobalSection
	GlobalSection(ProjectConfigurationPlatforms) = postSolution
		{022D6116-D65C-458E-BB62-29E5CF36C36A}.Debug|Any CPU.ActiveCfg = Debug|Any CPU
		{022D6116-D65C-458E-BB62-29E5CF36C36A}.Debug|Any CPU.Build.0 = Debug|Any CPU
		{022D6116-D65C-458E-BB62-29E5CF36C36A}.Release|Any CPU.ActiveCfg = Release|Any CPU
		{022D6116-D65C-458E-BB62-29E5CF36C36A}.Release|Any CPU.Build.0 = Release|Any CPU
	EndGlobalSection
	GlobalSection(SolutionProperties) = preSolution
		HideSolutionNode = FALSE
	EndGlobalSection
EndGlobal
